
Microsoft Visual Studio Solution File, Format Version 12.00
# Visual Studio 14
VisualStudioVersion = 14.0.24720.0
MinimumVisualStudioVersion = 10.0.40219.1
Project("{FAE04EC0-301F-11D3-BF4B-00C04F79EFBC}") = "OneNoteOCRDll", "OneNoteOCRDll\OneNoteOCRDll.csproj", "{0A01BDA2-3D59-4ED8-9044-A8BBC98CF9AA}"
EndProject
Project("{FAE04EC0-301F-11D3-BF4B-00C04F79EFBC}") = "OneNoteTest", "OneNoteTest\OneNoteTest.csproj", "{7DCE1C71-C83C-4B1E-85B6-180AB1B48805}"
EndProject
Project("{FAE04EC0-301F-11D3-BF4B-00C04F79EFBC}") = "OCROneWPF", "OCROneWPF\OCROneWPF.csproj", "{2589E54E-5527-499E-B7A3-039A24E8F26B}"
EndProject
Global
	GlobalSection(SolutionConfigurationPlatforms) = preSolution
		Debug|Any CPU = Debug|Any CPU
		Release|Any CPU = Release|Any CPU
	EndGlobalSection
	GlobalSection(ProjectConfigurationPlatforms) = postSolution
		{0A01BDA2-3D59-4ED8-9044-A8BBC98CF9AA}.Debug|Any CPU.ActiveCfg = Debug|Any CPU
		{0A01BDA2-3D59-4ED8-9044-A8BBC98CF9AA}.Debug|Any CPU.Build.0 = Debug|Any CPU
		{0A01BDA2-3D59-4ED8-9044-A8BBC98CF9AA}.Release|Any CPU.ActiveCfg = Release|Any CPU
		{0A01BDA2-3D59-4ED8-9044-A8BBC98CF9AA}.Release|Any CPU.Build.0 = Release|Any CPU
		{7DCE1C71-C83C-4B1E-85B6-180AB1B48805}.Debug|Any CPU.ActiveCfg = Debug|Any CPU
		{7DCE1C71-C83C-4B1E-85B6-180AB1B48805}.Debug|Any CPU.Build.0 = Debug|Any CPU
		{7DCE1C71-C83C-4B1E-85B6-180AB1B48805}.Release|Any CPU.ActiveCfg = Release|Any CPU
		{7DCE1C71-C83C-4B1E-85B6-180AB1B48805}.Release|Any CPU.Build.0 = Release|Any CPU
		{2589E54E-5527-499E-B7A3-039A24E8F26B}.Debug|Any CPU.ActiveCfg = Debug|Any CPU
		{2589E54E-5527-499E-B7A3-039A24E8F26B}.Debug|Any CPU.Build.0 = Debug|Any CPU
		{2589E54E-5527-499E-B7A3-039A24E8F26B}.Release|Any CPU.ActiveCfg = Release|Any CPU
		{2589E54E-5527-499E-B7A3-039A24E8F26B}.Release|Any CPU.Build.0 = Release|Any CPU
	EndGlobalSection
	GlobalSection(SolutionProperties) = preSolution
		HideSolutionNode = FALSE
	EndGlobalSection
EndGlobal
